
Microsoft Visual Studio Solution File, Format Version 12.00
# Visual Studio Version 16
Project("{8BC9CEB8-8B4A-11D0-8D11-00A0C91BC942}") = "ALL_BUILD", "ALL_BUILD.vcxproj", "{4882C189-9BA6-30D4-A88A-14BCCE534BC2}"
	ProjectSection(ProjectDependencies) = postProject
		{BDEAD7C7-08CD-3BC8-901A-74B4C4700A82} = {BDEAD7C7-08CD-3BC8-901A-74B4C4700A82}
		{E7974270-417C-3FE8-82E3-8414ECE9D935} = {E7974270-417C-3FE8-82E3-8414ECE9D935}
	EndProjectSection
EndProject
Project("{8BC9CEB8-8B4A-11D0-8D11-00A0C91BC942}") = "SDL_part1", "SDL_part1.vcxproj", "{BDEAD7C7-08CD-3BC8-901A-74B4C4700A82}"
	ProjectSection(ProjectDependencies) = postProject
		{E7974270-417C-3FE8-82E3-8414ECE9D935} = {E7974270-417C-3FE8-82E3-8414ECE9D935}
	EndProjectSection
EndProject
Project("{8BC9CEB8-8B4A-11D0-8D11-00A0C91BC942}") = "ZERO_CHECK", "..\\ZERO_CHECK.vcxproj", "{E7974270-417C-3FE8-82E3-8414ECE9D935}"
	ProjectSection(ProjectDependencies) = postProject
	EndProjectSection
EndProject
Global
	GlobalSection(SolutionConfigurationPlatforms) = preSolution
		Debug|x64 = Debug|x64
		Release|x64 = Release|x64
		MinSizeRel|x64 = MinSizeRel|x64
		RelWithDebInfo|x64 = RelWithDebInfo|x64
	EndGlobalSection
	GlobalSection(ProjectConfigurationPlatforms) = postSolution
		{4882C189-9BA6-30D4-A88A-14BCCE534BC2}.Debug|x64.ActiveCfg = Debug|x64
		{4882C189-9BA6-30D4-A88A-14BCCE534BC2}.Release|x64.ActiveCfg = Release|x64
		{4882C189-9BA6-30D4-A88A-14BCCE534BC2}.MinSizeRel|x64.ActiveCfg = MinSizeRel|x64
		{4882C189-9BA6-30D4-A88A-14BCCE534BC2}.RelWithDebInfo|x64.ActiveCfg = RelWithDebInfo|x64
		{BDEAD7C7-08CD-3BC8-901A-74B4C4700A82}.Debug|x64.ActiveCfg = Debug|x64
		{BDEAD7C7-08CD-3BC8-901A-74B4C4700A82}.Debug|x64.Build.0 = Debug|x64
		{BDEAD7C7-08CD-3BC8-901A-74B4C4700A82}.Release|x64.ActiveCfg = Release|x64
		{BDEAD7C7-08CD-3BC8-901A-74B4C4700A82}.Release|x64.Build.0 = Release|x64
		{BDEAD7C7-08CD-3BC8-901A-74B4C4700A82}.MinSizeRel|x64.ActiveCfg = MinSizeRel|x64
		{BDEAD7C7-08CD-3BC8-901A-74B4C4700A82}.MinSizeRel|x64.Build.0 = MinSizeRel|x64
		{BDEAD7C7-08CD-3BC8-901A-74B4C4700A82}.RelWithDebInfo|x64.ActiveCfg = RelWithDebInfo|x64
		{BDEAD7C7-08CD-3BC8-901A-74B4C4700A82}.RelWithDebInfo|x64.Build.0 = RelWithDebInfo|x64
		{E7974270-417C-3FE8-82E3-8414ECE9D935}.Debug|x64.ActiveCfg = Debug|x64
		{E7974270-417C-3FE8-82E3-8414ECE9D935}.Debug|x64.Build.0 = Debug|x64
		{E7974270-417C-3FE8-82E3-8414ECE9D935}.Release|x64.ActiveCfg = Release|x64
		{E7974270-417C-3FE8-82E3-8414ECE9D935}.Release|x64.Build.0 = Release|x64
		{E7974270-417C-3FE8-82E3-8414ECE9D935}.MinSizeRel|x64.ActiveCfg = MinSizeRel|x64
		{E7974270-417C-3FE8-82E3-8414ECE9D935}.MinSizeRel|x64.Build.0 = MinSizeRel|x64
		{E7974270-417C-3FE8-82E3-8414ECE9D935}.RelWithDebInfo|x64.ActiveCfg = RelWithDebInfo|x64
		{E7974270-417C-3FE8-82E3-8414ECE9D935}.RelWithDebInfo|x64.Build.0 = RelWithDebInfo|x64
	EndGlobalSection
	GlobalSection(ExtensibilityGlobals) = postSolution
		SolutionGuid = {B50E9B6D-841D-3E99-BEB5-780FFFA7DC38}
	EndGlobalSection
	GlobalSection(ExtensibilityAddIns) = postSolution
	EndGlobalSection
EndGlobal
